
Microsoft Visual Studio Solution File, Format Version 12.00
# Visual Studio 15
VisualStudioVersion = 15.0.28010.0
MinimumVisualStudioVersion = 10.0.40219.1
Project("{FAE04EC0-301F-11D3-BF4B-00C04F79EFBC}") = "ejercicio6", "ejercicio6\ejercicio6.csproj", "{61DBBDBE-6326-4D78-B468-772725C1C8BA}"
EndProject
Global
	GlobalSection(SolutionConfigurationPlatforms) = preSolution
		Debug|Any CPU = Debug|Any CPU
		Release|Any CPU = Release|Any CPU
	EndGlobalSection
	GlobalSection(ProjectConfigurationPlatforms) = postSolution
		{61DBBDBE-6326-4D78-B468-772725C1C8BA}.Debug|Any CPU.ActiveCfg = Debug|Any CPU
		{61DBBDBE-6326-4D78-B468-772725C1C8BA}.Debug|Any CPU.Build.0 = Debug|Any CPU
		{61DBBDBE-6326-4D78-B468-772725C1C8BA}.Release|Any CPU.ActiveCfg = Release|Any CPU
		{61DBBDBE-6326-4D78-B468-772725C1C8BA}.Release|Any CPU.Build.0 = Release|Any CPU
	EndGlobalSection
	GlobalSection(SolutionProperties) = preSolution
		HideSolutionNode = FALSE
	EndGlobalSection
	GlobalSection(ExtensibilityGlobals) = postSolution
		SolutionGuid = {2B89CC7B-4185-4A4E-B9DB-A8CBD92E7516}
	EndGlobalSection
EndGlobal
