
Microsoft Visual Studio Solution File, Format Version 12.00
# Visual Studio 15
VisualStudioVersion = 15.0.28010.0
MinimumVisualStudioVersion = 10.0.40219.1
Project("{FAE04EC0-301F-11D3-BF4B-00C04F79EFBC}") = "Ejercicio3", "Ejercicio3\Ejercicio3.csproj", "{4FB4CE97-9D71-4BB7-9972-1862E4345E93}"
EndProject
Global
	GlobalSection(SolutionConfigurationPlatforms) = preSolution
		Debug|Any CPU = Debug|Any CPU
		Release|Any CPU = Release|Any CPU
	EndGlobalSection
	GlobalSection(ProjectConfigurationPlatforms) = postSolution
		{4FB4CE97-9D71-4BB7-9972-1862E4345E93}.Debug|Any CPU.ActiveCfg = Debug|Any CPU
		{4FB4CE97-9D71-4BB7-9972-1862E4345E93}.Debug|Any CPU.Build.0 = Debug|Any CPU
		{4FB4CE97-9D71-4BB7-9972-1862E4345E93}.Release|Any CPU.ActiveCfg = Release|Any CPU
		{4FB4CE97-9D71-4BB7-9972-1862E4345E93}.Release|Any CPU.Build.0 = Release|Any CPU
	EndGlobalSection
	GlobalSection(SolutionProperties) = preSolution
		HideSolutionNode = FALSE
	EndGlobalSection
	GlobalSection(ExtensibilityGlobals) = postSolution
		SolutionGuid = {2F693B02-9EAF-4AF3-8829-9C98B6ED31A6}
	EndGlobalSection
EndGlobal
